
Microsoft Visual Studio Solution File, Format Version 12.00
# Visual Studio 15
VisualStudioVersion = 15.0.27004.2002
MinimumVisualStudioVersion = 10.0.40219.1
Project("{8BC9CEB8-8B4A-11D0-8D11-00A0C91BC942}") = "practise4", "practise4\practise4.vcxproj", "{D404B222-DF66-4CB2-A51C-64708E87B0DE}"
EndProject
Global
	GlobalSection(SolutionConfigurationPlatforms) = preSolution
		Debug|x64 = Debug|x64
		Debug|x86 = Debug|x86
		Release|x64 = Release|x64
		Release|x86 = Release|x86
	EndGlobalSection
	GlobalSection(ProjectConfigurationPlatforms) = postSolution
		{D404B222-DF66-4CB2-A51C-64708E87B0DE}.Debug|x64.ActiveCfg = Debug|x64
		{D404B222-DF66-4CB2-A51C-64708E87B0DE}.Debug|x64.Build.0 = Debug|x64
		{D404B222-DF66-4CB2-A51C-64708E87B0DE}.Debug|x86.ActiveCfg = Debug|Win32
		{D404B222-DF66-4CB2-A51C-64708E87B0DE}.Debug|x86.Build.0 = Debug|Win32
		{D404B222-DF66-4CB2-A51C-64708E87B0DE}.Release|x64.ActiveCfg = Release|x64
		{D404B222-DF66-4CB2-A51C-64708E87B0DE}.Release|x64.Build.0 = Release|x64
		{D404B222-DF66-4CB2-A51C-64708E87B0DE}.Release|x86.ActiveCfg = Release|Win32
		{D404B222-DF66-4CB2-A51C-64708E87B0DE}.Release|x86.Build.0 = Release|Win32
	EndGlobalSection
	GlobalSection(SolutionProperties) = preSolution
		HideSolutionNode = FALSE
	EndGlobalSection
	GlobalSection(ExtensibilityGlobals) = postSolution
		SolutionGuid = {2C3DE663-72A3-492B-998F-343B0F2F297A}
	EndGlobalSection
EndGlobal
